
Microsoft Visual Studio Solution File, Format Version 12.00
# Visual Studio Version 17
VisualStudioVersion = 17.3.32804.467
MinimumVisualStudioVersion = 10.0.40219.1
Project("{FAE04EC0-301F-11D3-BF4B-00C04F79EFBC}") = "Agenda", "Agenda.csproj", "{843E22BD-2D1E-4277-9821-4EBC252A717D}"
EndProject
Global
	GlobalSection(SolutionConfigurationPlatforms) = preSolution
		Debug|Any CPU = Debug|Any CPU
		Release|Any CPU = Release|Any CPU
	EndGlobalSection
	GlobalSection(ProjectConfigurationPlatforms) = postSolution
		{843E22BD-2D1E-4277-9821-4EBC252A717D}.Debug|Any CPU.ActiveCfg = Debug|Any CPU
		{843E22BD-2D1E-4277-9821-4EBC252A717D}.Debug|Any CPU.Build.0 = Debug|Any CPU
		{843E22BD-2D1E-4277-9821-4EBC252A717D}.Release|Any CPU.ActiveCfg = Release|Any CPU
		{843E22BD-2D1E-4277-9821-4EBC252A717D}.Release|Any CPU.Build.0 = Release|Any CPU
	EndGlobalSection
	GlobalSection(SolutionProperties) = preSolution
		HideSolutionNode = FALSE
	EndGlobalSection
	GlobalSection(ExtensibilityGlobals) = postSolution
		SolutionGuid = {2E9146C3-D857-45D8-916A-9C12650BBDED}
	EndGlobalSection
EndGlobal
